
Microsoft Visual Studio Solution File, Format Version 12.00
# Visual Studio Version 16
VisualStudioVersion = 16.0.29324.140
MinimumVisualStudioVersion = 10.0.40219.1
Project("{FAE04EC0-301F-11D3-BF4B-00C04F79EFBC}") = "Laba3", "Laba3\Laba3.csproj", "{2089A49C-8A18-4EDE-8D24-14336BEB163D}"
EndProject
Project("{FAE04EC0-301F-11D3-BF4B-00C04F79EFBC}") = "Laba4", "Laba4\Laba4.csproj", "{F6BE628B-029A-41C7-B3A6-501210CD29F2}"
EndProject
Project("{FAE04EC0-301F-11D3-BF4B-00C04F79EFBC}") = "Laba5", "Laba5\Laba5.csproj", "{89ECB7D6-F7C2-4801-80BC-6AA6F770B7B8}"
EndProject
Project("{FAE04EC0-301F-11D3-BF4B-00C04F79EFBC}") = "Laba6", "Laba6\Laba6.csproj", "{FC869B1D-DE52-4CA8-B729-02E595E1950B}"
EndProject
Project("{9A19103F-16F7-4668-BE54-9A1E7A4F7556}") = "Utils", "Utils\Utils.csproj", "{6D4214F6-F179-40A9-AE3A-F48501AC1ADB}"
EndProject
Project("{FAE04EC0-301F-11D3-BF4B-00C04F79EFBC}") = "Laba7", "Laba7\Laba7.csproj", "{376FCD07-7009-4E70-833D-32335449CBB8}"
EndProject
Project("{FAE04EC0-301F-11D3-BF4B-00C04F79EFBC}") = "Laba8", "Laba8\Laba8.csproj", "{5B1613AF-D518-4C94-804D-15C89467F6A0}"
EndProject
Project("{FAE04EC0-301F-11D3-BF4B-00C04F79EFBC}") = "Laba9", "Laba9\Laba9.csproj", "{941DFE2F-8C34-4849-AAEA-1F85E11694DC}"
EndProject
Project("{FAE04EC0-301F-11D3-BF4B-00C04F79EFBC}") = "BoAaPUnitTests", "BoAaPUnitTests\BoAaPUnitTests.csproj", "{BB92E1CF-0254-4FAA-8FA8-22ED49040F01}"
EndProject
Project("{FAE04EC0-301F-11D3-BF4B-00C04F79EFBC}") = "Laba10", "Laba10\Laba10.csproj", "{E06294F2-ECCE-4427-9AA0-6817FB1424DB}"
EndProject
Project("{FAE04EC0-301F-11D3-BF4B-00C04F79EFBC}") = "Laba11", "Laba11\Laba11.csproj", "{4B976E1B-91D5-4BDF-893D-C5C98547DF38}"
EndProject
Global
	GlobalSection(SolutionConfigurationPlatforms) = preSolution
		Debug|Any CPU = Debug|Any CPU
		Debug|ARM = Debug|ARM
		Debug|ARM64 = Debug|ARM64
		Debug|x64 = Debug|x64
		Debug|x86 = Debug|x86
		Release|Any CPU = Release|Any CPU
		Release|ARM = Release|ARM
		Release|ARM64 = Release|ARM64
		Release|x64 = Release|x64
		Release|x86 = Release|x86
	EndGlobalSection
	GlobalSection(ProjectConfigurationPlatforms) = postSolution
		{2089A49C-8A18-4EDE-8D24-14336BEB163D}.Debug|Any CPU.ActiveCfg = Debug|Any CPU
		{2089A49C-8A18-4EDE-8D24-14336BEB163D}.Debug|Any CPU.Build.0 = Debug|Any CPU
		{2089A49C-8A18-4EDE-8D24-14336BEB163D}.Debug|ARM.ActiveCfg = Debug|Any CPU
		{2089A49C-8A18-4EDE-8D24-14336BEB163D}.Debug|ARM.Build.0 = Debug|Any CPU
		{2089A49C-8A18-4EDE-8D24-14336BEB163D}.Debug|ARM64.ActiveCfg = Debug|Any CPU
		{2089A49C-8A18-4EDE-8D24-14336BEB163D}.Debug|ARM64.Build.0 = Debug|Any CPU
		{2089A49C-8A18-4EDE-8D24-14336BEB163D}.Debug|x64.ActiveCfg = Debug|Any CPU
		{2089A49C-8A18-4EDE-8D24-14336BEB163D}.Debug|x64.Build.0 = Debug|Any CPU
		{2089A49C-8A18-4EDE-8D24-14336BEB163D}.Debug|x86.ActiveCfg = Debug|Any CPU
		{2089A49C-8A18-4EDE-8D24-14336BEB163D}.Debug|x86.Build.0 = Debug|Any CPU
		{2089A49C-8A18-4EDE-8D24-14336BEB163D}.Release|Any CPU.ActiveCfg = Release|Any CPU
		{2089A49C-8A18-4EDE-8D24-14336BEB163D}.Release|Any CPU.Build.0 = Release|Any CPU
		{2089A49C-8A18-4EDE-8D24-14336BEB163D}.Release|ARM.ActiveCfg = Release|Any CPU
		{2089A49C-8A18-4EDE-8D24-14336BEB163D}.Release|ARM.Build.0 = Release|Any CPU
		{2089A49C-8A18-4EDE-8D24-14336BEB163D}.Release|ARM64.ActiveCfg = Release|Any CPU
		{2089A49C-8A18-4EDE-8D24-14336BEB163D}.Release|ARM64.Build.0 = Release|Any CPU
		{2089A49C-8A18-4EDE-8D24-14336BEB163D}.Release|x64.ActiveCfg = Release|Any CPU
		{2089A49C-8A18-4EDE-8D24-14336BEB163D}.Release|x64.Build.0 = Release|Any CPU
		{2089A49C-8A18-4EDE-8D24-14336BEB163D}.Release|x86.ActiveCfg = Release|Any CPU
		{2089A49C-8A18-4EDE-8D24-14336BEB163D}.Release|x86.Build.0 = Release|Any CPU
		{F6BE628B-029A-41C7-B3A6-501210CD29F2}.Debug|Any CPU.ActiveCfg = Debug|Any CPU
		{F6BE628B-029A-41C7-B3A6-501210CD29F2}.Debug|Any CPU.Build.0 = Debug|Any CPU
		{F6BE628B-029A-41C7-B3A6-501210CD29F2}.Debug|ARM.ActiveCfg = Debug|Any CPU
		{F6BE628B-029A-41C7-B3A6-501210CD29F2}.Debug|ARM.Build.0 = Debug|Any CPU
		{F6BE628B-029A-41C7-B3A6-501210CD29F2}.Debug|ARM64.ActiveCfg = Debug|Any CPU
		{F6BE628B-029A-41C7-B3A6-501210CD29F2}.Debug|ARM64.Build.0 = Debug|Any CPU
		{F6BE628B-029A-41C7-B3A6-501210CD29F2}.Debug|x64.ActiveCfg = Debug|Any CPU
		{F6BE628B-029A-41C7-B3A6-501210CD29F2}.Debug|x64.Build.0 = Debug|Any CPU
		{F6BE628B-029A-41C7-B3A6-501210CD29F2}.Debug|x86.ActiveCfg = Debug|Any CPU
		{F6BE628B-029A-41C7-B3A6-501210CD29F2}.Debug|x86.Build.0 = Debug|Any CPU
		{F6BE628B-029A-41C7-B3A6-501210CD29F2}.Release|Any CPU.ActiveCfg = Release|Any CPU
		{F6BE628B-029A-41C7-B3A6-501210CD29F2}.Release|Any CPU.Build.0 = Release|Any CPU
		{F6BE628B-029A-41C7-B3A6-501210CD29F2}.Release|ARM.ActiveCfg = Release|Any CPU
		{F6BE628B-029A-41C7-B3A6-501210CD29F2}.Release|ARM.Build.0 = Release|Any CPU
		{F6BE628B-029A-41C7-B3A6-501210CD29F2}.Release|ARM64.ActiveCfg = Release|Any CPU
		{F6BE628B-029A-41C7-B3A6-501210CD29F2}.Release|ARM64.Build.0 = Release|Any CPU
		{F6BE628B-029A-41C7-B3A6-501210CD29F2}.Release|x64.ActiveCfg = Release|Any CPU
		{F6BE628B-029A-41C7-B3A6-501210CD29F2}.Release|x64.Build.0 = Release|Any CPU
		{F6BE628B-029A-41C7-B3A6-501210CD29F2}.Release|x86.ActiveCfg = Release|Any CPU
		{F6BE628B-029A-41C7-B3A6-501210CD29F2}.Release|x86.Build.0 = Release|Any CPU
		{89ECB7D6-F7C2-4801-80BC-6AA6F770B7B8}.Debug|Any CPU.ActiveCfg = Debug|Any CPU
		{89ECB7D6-F7C2-4801-80BC-6AA6F770B7B8}.Debug|Any CPU.Build.0 = Debug|Any CPU
		{89ECB7D6-F7C2-4801-80BC-6AA6F770B7B8}.Debug|ARM.ActiveCfg = Debug|Any CPU
		{89ECB7D6-F7C2-4801-80BC-6AA6F770B7B8}.Debug|ARM.Build.0 = Debug|Any CPU
		{89ECB7D6-F7C2-4801-80BC-6AA6F770B7B8}.Debug|ARM64.ActiveCfg = Debug|Any CPU
		{89ECB7D6-F7C2-4801-80BC-6AA6F770B7B8}.Debug|ARM64.Build.0 = Debug|Any CPU
		{89ECB7D6-F7C2-4801-80BC-6AA6F770B7B8}.Debug|x64.ActiveCfg = Debug|Any CPU
		{89ECB7D6-F7C2-4801-80BC-6AA6F770B7B8}.Debug|x64.Build.0 = Debug|Any CPU
		{89ECB7D6-F7C2-4801-80BC-6AA6F770B7B8}.Debug|x86.ActiveCfg = Debug|Any CPU
		{89ECB7D6-F7C2-4801-80BC-6AA6F770B7B8}.Debug|x86.Build.0 = Debug|Any CPU
		{89ECB7D6-F7C2-4801-80BC-6AA6F770B7B8}.Release|Any CPU.ActiveCfg = Release|Any CPU
		{89ECB7D6-F7C2-4801-80BC-6AA6F770B7B8}.Release|Any CPU.Build.0 = Release|Any CPU
		{89ECB7D6-F7C2-4801-80BC-6AA6F770B7B8}.Release|ARM.ActiveCfg = Release|Any CPU
		{89ECB7D6-F7C2-4801-80BC-6AA6F770B7B8}.Release|ARM.Build.0 = Release|Any CPU
		{89ECB7D6-F7C2-4801-80BC-6AA6F770B7B8}.Release|ARM64.ActiveCfg = Release|Any CPU
		{89ECB7D6-F7C2-4801-80BC-6AA6F770B7B8}.Release|ARM64.Build.0 = Release|Any CPU
		{89ECB7D6-F7C2-4801-80BC-6AA6F770B7B8}.Release|x64.ActiveCfg = Release|Any CPU
		{89ECB7D6-F7C2-4801-80BC-6AA6F770B7B8}.Release|x64.Build.0 = Release|Any CPU
		{89ECB7D6-F7C2-4801-80BC-6AA6F770B7B8}.Release|x86.ActiveCfg = Release|Any CPU
		{89ECB7D6-F7C2-4801-80BC-6AA6F770B7B8}.Release|x86.Build.0 = Release|Any CPU
		{FC869B1D-DE52-4CA8-B729-02E595E1950B}.Debug|Any CPU.ActiveCfg = Debug|Any CPU
		{FC869B1D-DE52-4CA8-B729-02E595E1950B}.Debug|Any CPU.Build.0 = Debug|Any CPU
		{FC869B1D-DE52-4CA8-B729-02E595E1950B}.Debug|ARM.ActiveCfg = Debug|Any CPU
		{FC869B1D-DE52-4CA8-B729-02E595E1950B}.Debug|ARM.Build.0 = Debug|Any CPU
		{FC869B1D-DE52-4CA8-B729-02E595E1950B}.Debug|ARM64.ActiveCfg = Debug|Any CPU
		{FC869B1D-DE52-4CA8-B729-02E595E1950B}.Debug|ARM64.Build.0 = Debug|Any CPU
		{FC869B1D-DE52-4CA8-B729-02E595E1950B}.Debug|x64.ActiveCfg = Debug|Any CPU
		{FC869B1D-DE52-4CA8-B729-02E595E1950B}.Debug|x64.Build.0 = Debug|Any CPU
		{FC869B1D-DE52-4CA8-B729-02E595E1950B}.Debug|x86.ActiveCfg = Debug|Any CPU
		{FC869B1D-DE52-4CA8-B729-02E595E1950B}.Debug|x86.Build.0 = Debug|Any CPU
		{FC869B1D-DE52-4CA8-B729-02E595E1950B}.Release|Any CPU.ActiveCfg = Release|Any CPU
		{FC869B1D-DE52-4CA8-B729-02E595E1950B}.Release|Any CPU.Build.0 = Release|Any CPU
		{FC869B1D-DE52-4CA8-B729-02E595E1950B}.Release|ARM.ActiveCfg = Release|Any CPU
		{FC869B1D-DE52-4CA8-B729-02E595E1950B}.Release|ARM.Build.0 = Release|Any CPU
		{FC869B1D-DE52-4CA8-B729-02E595E1950B}.Release|ARM64.ActiveCfg = Release|Any CPU
		{FC869B1D-DE52-4CA8-B729-02E595E1950B}.Release|ARM64.Build.0 = Release|Any CPU
		{FC869B1D-DE52-4CA8-B729-02E595E1950B}.Release|x64.ActiveCfg = Release|Any CPU
		{FC869B1D-DE52-4CA8-B729-02E595E1950B}.Release|x64.Build.0 = Release|Any CPU
		{FC869B1D-DE52-4CA8-B729-02E595E1950B}.Release|x86.ActiveCfg = Release|Any CPU
		{FC869B1D-DE52-4CA8-B729-02E595E1950B}.Release|x86.Build.0 = Release|Any CPU
		{6D4214F6-F179-40A9-AE3A-F48501AC1ADB}.Debug|Any CPU.ActiveCfg = Debug|Any CPU
		{6D4214F6-F179-40A9-AE3A-F48501AC1ADB}.Debug|Any CPU.Build.0 = Debug|Any CPU
		{6D4214F6-F179-40A9-AE3A-F48501AC1ADB}.Debug|ARM.ActiveCfg = Debug|Any CPU
		{6D4214F6-F179-40A9-AE3A-F48501AC1ADB}.Debug|ARM.Build.0 = Debug|Any CPU
		{6D4214F6-F179-40A9-AE3A-F48501AC1ADB}.Debug|ARM64.ActiveCfg = Debug|Any CPU
		{6D4214F6-F179-40A9-AE3A-F48501AC1ADB}.Debug|ARM64.Build.0 = Debug|Any CPU
		{6D4214F6-F179-40A9-AE3A-F48501AC1ADB}.Debug|x64.ActiveCfg = Debug|Any CPU
		{6D4214F6-F179-40A9-AE3A-F48501AC1ADB}.Debug|x64.Build.0 = Debug|Any CPU
		{6D4214F6-F179-40A9-AE3A-F48501AC1ADB}.Debug|x86.ActiveCfg = Debug|Any CPU
		{6D4214F6-F179-40A9-AE3A-F48501AC1ADB}.Debug|x86.Build.0 = Debug|Any CPU
		{6D4214F6-F179-40A9-AE3A-F48501AC1ADB}.Release|Any CPU.ActiveCfg = Release|Any CPU
		{6D4214F6-F179-40A9-AE3A-F48501AC1ADB}.Release|Any CPU.Build.0 = Release|Any CPU
		{6D4214F6-F179-40A9-AE3A-F48501AC1ADB}.Release|ARM.ActiveCfg = Release|Any CPU
		{6D4214F6-F179-40A9-AE3A-F48501AC1ADB}.Release|ARM.Build.0 = Release|Any CPU
		{6D4214F6-F179-40A9-AE3A-F48501AC1ADB}.Release|ARM64.ActiveCfg = Release|Any CPU
		{6D4214F6-F179-40A9-AE3A-F48501AC1ADB}.Release|ARM64.Build.0 = Release|Any CPU
		{6D4214F6-F179-40A9-AE3A-F48501AC1ADB}.Release|x64.ActiveCfg = Release|Any CPU
		{6D4214F6-F179-40A9-AE3A-F48501AC1ADB}.Release|x64.Build.0 = Release|Any CPU
		{6D4214F6-F179-40A9-AE3A-F48501AC1ADB}.Release|x86.ActiveCfg = Release|Any CPU
		{6D4214F6-F179-40A9-AE3A-F48501AC1ADB}.Release|x86.Build.0 = Release|Any CPU
		{376FCD07-7009-4E70-833D-32335449CBB8}.Debug|Any CPU.ActiveCfg = Debug|Any CPU
		{376FCD07-7009-4E70-833D-32335449CBB8}.Debug|Any CPU.Build.0 = Debug|Any CPU
		{376FCD07-7009-4E70-833D-32335449CBB8}.Debug|ARM.ActiveCfg = Debug|Any CPU
		{376FCD07-7009-4E70-833D-32335449CBB8}.Debug|ARM.Build.0 = Debug|Any CPU
		{376FCD07-7009-4E70-833D-32335449CBB8}.Debug|ARM64.ActiveCfg = Debug|Any CPU
		{376FCD07-7009-4E70-833D-32335449CBB8}.Debug|ARM64.Build.0 = Debug|Any CPU
		{376FCD07-7009-4E70-833D-32335449CBB8}.Debug|x64.ActiveCfg = Debug|Any CPU
		{376FCD07-7009-4E70-833D-32335449CBB8}.Debug|x64.Build.0 = Debug|Any CPU
		{376FCD07-7009-4E70-833D-32335449CBB8}.Debug|x86.ActiveCfg = Debug|Any CPU
		{376FCD07-7009-4E70-833D-32335449CBB8}.Debug|x86.Build.0 = Debug|Any CPU
		{376FCD07-7009-4E70-833D-32335449CBB8}.Release|Any CPU.ActiveCfg = Release|Any CPU
		{376FCD07-7009-4E70-833D-32335449CBB8}.Release|Any CPU.Build.0 = Release|Any CPU
		{376FCD07-7009-4E70-833D-32335449CBB8}.Release|ARM.ActiveCfg = Release|Any CPU
		{376FCD07-7009-4E70-833D-32335449CBB8}.Release|ARM.Build.0 = Release|Any CPU
		{376FCD07-7009-4E70-833D-32335449CBB8}.Release|ARM64.ActiveCfg = Release|Any CPU
		{376FCD07-7009-4E70-833D-32335449CBB8}.Release|ARM64.Build.0 = Release|Any CPU
		{376FCD07-7009-4E70-833D-32335449CBB8}.Release|x64.ActiveCfg = Release|Any CPU
		{376FCD07-7009-4E70-833D-32335449CBB8}.Release|x64.Build.0 = Release|Any CPU
		{376FCD07-7009-4E70-833D-32335449CBB8}.Release|x86.ActiveCfg = Release|Any CPU
		{376FCD07-7009-4E70-833D-32335449CBB8}.Release|x86.Build.0 = Release|Any CPU
		{5B1613AF-D518-4C94-804D-15C89467F6A0}.Debug|Any CPU.ActiveCfg = Debug|Any CPU
		{5B1613AF-D518-4C94-804D-15C89467F6A0}.Debug|Any CPU.Build.0 = Debug|Any CPU
		{5B1613AF-D518-4C94-804D-15C89467F6A0}.Debug|ARM.ActiveCfg = Debug|Any CPU
		{5B1613AF-D518-4C94-804D-15C89467F6A0}.Debug|ARM.Build.0 = Debug|Any CPU
		{5B1613AF-D518-4C94-804D-15C89467F6A0}.Debug|ARM64.ActiveCfg = Debug|Any CPU
		{5B1613AF-D518-4C94-804D-15C89467F6A0}.Debug|ARM64.Build.0 = Debug|Any CPU
		{5B1613AF-D518-4C94-804D-15C89467F6A0}.Debug|x64.ActiveCfg = Debug|Any CPU
		{5B1613AF-D518-4C94-804D-15C89467F6A0}.Debug|x64.Build.0 = Debug|Any CPU
		{5B1613AF-D518-4C94-804D-15C89467F6A0}.Debug|x86.ActiveCfg = Debug|Any CPU
		{5B1613AF-D518-4C94-804D-15C89467F6A0}.Debug|x86.Build.0 = Debug|Any CPU
		{5B1613AF-D518-4C94-804D-15C89467F6A0}.Release|Any CPU.ActiveCfg = Release|Any CPU
		{5B1613AF-D518-4C94-804D-15C89467F6A0}.Release|Any CPU.Build.0 = Release|Any CPU
		{5B1613AF-D518-4C94-804D-15C89467F6A0}.Release|ARM.ActiveCfg = Release|Any CPU
		{5B1613AF-D518-4C94-804D-15C89467F6A0}.Release|ARM.Build.0 = Release|Any CPU
		{5B1613AF-D518-4C94-804D-15C89467F6A0}.Release|ARM64.ActiveCfg = Release|Any CPU
		{5B1613AF-D518-4C94-804D-15C89467F6A0}.Release|ARM64.Build.0 = Release|Any CPU
		{5B1613AF-D518-4C94-804D-15C89467F6A0}.Release|x64.ActiveCfg = Release|Any CPU
		{5B1613AF-D518-4C94-804D-15C89467F6A0}.Release|x64.Build.0 = Release|Any CPU
		{5B1613AF-D518-4C94-804D-15C89467F6A0}.Release|x86.ActiveCfg = Release|Any CPU
		{5B1613AF-D518-4C94-804D-15C89467F6A0}.Release|x86.Build.0 = Release|Any CPU
		{941DFE2F-8C34-4849-AAEA-1F85E11694DC}.Debug|Any CPU.ActiveCfg = Debug|Any CPU
		{941DFE2F-8C34-4849-AAEA-1F85E11694DC}.Debug|Any CPU.Build.0 = Debug|Any CPU
		{941DFE2F-8C34-4849-AAEA-1F85E11694DC}.Debug|ARM.ActiveCfg = Debug|Any CPU
		{941DFE2F-8C34-4849-AAEA-1F85E11694DC}.Debug|ARM.Build.0 = Debug|Any CPU
		{941DFE2F-8C34-4849-AAEA-1F85E11694DC}.Debug|ARM64.ActiveCfg = Debug|Any CPU
		{941DFE2F-8C34-4849-AAEA-1F85E11694DC}.Debug|ARM64.Build.0 = Debug|Any CPU
		{941DFE2F-8C34-4849-AAEA-1F85E11694DC}.Debug|x64.ActiveCfg = Debug|Any CPU
		{941DFE2F-8C34-4849-AAEA-1F85E11694DC}.Debug|x64.Build.0 = Debug|Any CPU
		{941DFE2F-8C34-4849-AAEA-1F85E11694DC}.Debug|x86.ActiveCfg = Debug|Any CPU
		{941DFE2F-8C34-4849-AAEA-1F85E11694DC}.Debug|x86.Build.0 = Debug|Any CPU
		{941DFE2F-8C34-4849-AAEA-1F85E11694DC}.Release|Any CPU.ActiveCfg = Release|Any CPU
		{941DFE2F-8C34-4849-AAEA-1F85E11694DC}.Release|Any CPU.Build.0 = Release|Any CPU
		{941DFE2F-8C34-4849-AAEA-1F85E11694DC}.Release|ARM.ActiveCfg = Release|Any CPU
		{941DFE2F-8C34-4849-AAEA-1F85E11694DC}.Release|ARM.Build.0 = Release|Any CPU
		{941DFE2F-8C34-4849-AAEA-1F85E11694DC}.Release|ARM64.ActiveCfg = Release|Any CPU
		{941DFE2F-8C34-4849-AAEA-1F85E11694DC}.Release|ARM64.Build.0 = Release|Any CPU
		{941DFE2F-8C34-4849-AAEA-1F85E11694DC}.Release|x64.ActiveCfg = Release|Any CPU
		{941DFE2F-8C34-4849-AAEA-1F85E11694DC}.Release|x64.Build.0 = Release|Any CPU
		{941DFE2F-8C34-4849-AAEA-1F85E11694DC}.Release|x86.ActiveCfg = Release|Any CPU
		{941DFE2F-8C34-4849-AAEA-1F85E11694DC}.Release|x86.Build.0 = Release|Any CPU
		{BB92E1CF-0254-4FAA-8FA8-22ED49040F01}.Debug|Any CPU.ActiveCfg = Debug|Any CPU
		{BB92E1CF-0254-4FAA-8FA8-22ED49040F01}.Debug|Any CPU.Build.0 = Debug|Any CPU
		{BB92E1CF-0254-4FAA-8FA8-22ED49040F01}.Debug|ARM.ActiveCfg = Debug|Any CPU
		{BB92E1CF-0254-4FAA-8FA8-22ED49040F01}.Debug|ARM.Build.0 = Debug|Any CPU
		{BB92E1CF-0254-4FAA-8FA8-22ED49040F01}.Debug|ARM64.ActiveCfg = Debug|Any CPU
		{BB92E1CF-0254-4FAA-8FA8-22ED49040F01}.Debug|ARM64.Build.0 = Debug|Any CPU
		{BB92E1CF-0254-4FAA-8FA8-22ED49040F01}.Debug|x64.ActiveCfg = Debug|Any CPU
		{BB92E1CF-0254-4FAA-8FA8-22ED49040F01}.Debug|x64.Build.0 = Debug|Any CPU
		{BB92E1CF-0254-4FAA-8FA8-22ED49040F01}.Debug|x86.ActiveCfg = Debug|Any CPU
		{BB92E1CF-0254-4FAA-8FA8-22ED49040F01}.Debug|x86.Build.0 = Debug|Any CPU
		{BB92E1CF-0254-4FAA-8FA8-22ED49040F01}.Release|Any CPU.ActiveCfg = Release|Any CPU
		{BB92E1CF-0254-4FAA-8FA8-22ED49040F01}.Release|Any CPU.Build.0 = Release|Any CPU
		{BB92E1CF-0254-4FAA-8FA8-22ED49040F01}.Release|ARM.ActiveCfg = Release|Any CPU
		{BB92E1CF-0254-4FAA-8FA8-22ED49040F01}.Release|ARM.Build.0 = Release|Any CPU
		{BB92E1CF-0254-4FAA-8FA8-22ED49040F01}.Release|ARM64.ActiveCfg = Release|Any CPU
		{BB92E1CF-0254-4FAA-8FA8-22ED49040F01}.Release|ARM64.Build.0 = Release|Any CPU
		{BB92E1CF-0254-4FAA-8FA8-22ED49040F01}.Release|x64.ActiveCfg = Release|Any CPU
		{BB92E1CF-0254-4FAA-8FA8-22ED49040F01}.Release|x64.Build.0 = Release|Any CPU
		{BB92E1CF-0254-4FAA-8FA8-22ED49040F01}.Release|x86.ActiveCfg = Release|Any CPU
		{BB92E1CF-0254-4FAA-8FA8-22ED49040F01}.Release|x86.Build.0 = Release|Any CPU
		{E06294F2-ECCE-4427-9AA0-6817FB1424DB}.Debug|Any CPU.ActiveCfg = Debug|Any CPU
		{E06294F2-ECCE-4427-9AA0-6817FB1424DB}.Debug|Any CPU.Build.0 = Debug|Any CPU
		{E06294F2-ECCE-4427-9AA0-6817FB1424DB}.Debug|ARM.ActiveCfg = Debug|Any CPU
		{E06294F2-ECCE-4427-9AA0-6817FB1424DB}.Debug|ARM.Build.0 = Debug|Any CPU
		{E06294F2-ECCE-4427-9AA0-6817FB1424DB}.Debug|ARM64.ActiveCfg = Debug|Any CPU
		{E06294F2-ECCE-4427-9AA0-6817FB1424DB}.Debug|ARM64.Build.0 = Debug|Any CPU
		{E06294F2-ECCE-4427-9AA0-6817FB1424DB}.Debug|x64.ActiveCfg = Debug|Any CPU
		{E06294F2-ECCE-4427-9AA0-6817FB1424DB}.Debug|x64.Build.0 = Debug|Any CPU
		{E06294F2-ECCE-4427-9AA0-6817FB1424DB}.Debug|x86.ActiveCfg = Debug|Any CPU
		{E06294F2-ECCE-4427-9AA0-6817FB1424DB}.Debug|x86.Build.0 = Debug|Any CPU
		{E06294F2-ECCE-4427-9AA0-6817FB1424DB}.Release|Any CPU.ActiveCfg = Release|Any CPU
		{E06294F2-ECCE-4427-9AA0-6817FB1424DB}.Release|Any CPU.Build.0 = Release|Any CPU
		{E06294F2-ECCE-4427-9AA0-6817FB1424DB}.Release|ARM.ActiveCfg = Release|Any CPU
		{E06294F2-ECCE-4427-9AA0-6817FB1424DB}.Release|ARM.Build.0 = Release|Any CPU
		{E06294F2-ECCE-4427-9AA0-6817FB1424DB}.Release|ARM64.ActiveCfg = Release|Any CPU
		{E06294F2-ECCE-4427-9AA0-6817FB1424DB}.Release|ARM64.Build.0 = Release|Any CPU
		{E06294F2-ECCE-4427-9AA0-6817FB1424DB}.Release|x64.ActiveCfg = Release|Any CPU
		{E06294F2-ECCE-4427-9AA0-6817FB1424DB}.Release|x64.Build.0 = Release|Any CPU
		{E06294F2-ECCE-4427-9AA0-6817FB1424DB}.Release|x86.ActiveCfg = Release|Any CPU
		{E06294F2-ECCE-4427-9AA0-6817FB1424DB}.Release|x86.Build.0 = Release|Any CPU
		{4B976E1B-91D5-4BDF-893D-C5C98547DF38}.Debug|Any CPU.ActiveCfg = Debug|x86
		{4B976E1B-91D5-4BDF-893D-C5C98547DF38}.Debug|ARM.ActiveCfg = Debug|ARM
		{4B976E1B-91D5-4BDF-893D-C5C98547DF38}.Debug|ARM.Build.0 = Debug|ARM
		{4B976E1B-91D5-4BDF-893D-C5C98547DF38}.Debug|ARM.Deploy.0 = Debug|ARM
		{4B976E1B-91D5-4BDF-893D-C5C98547DF38}.Debug|ARM64.ActiveCfg = Debug|ARM64
		{4B976E1B-91D5-4BDF-893D-C5C98547DF38}.Debug|ARM64.Build.0 = Debug|ARM64
		{4B976E1B-91D5-4BDF-893D-C5C98547DF38}.Debug|ARM64.Deploy.0 = Debug|ARM64
		{4B976E1B-91D5-4BDF-893D-C5C98547DF38}.Debug|x64.ActiveCfg = Debug|x64
		{4B976E1B-91D5-4BDF-893D-C5C98547DF38}.Debug|x64.Build.0 = Debug|x64
		{4B976E1B-91D5-4BDF-893D-C5C98547DF38}.Debug|x64.Deploy.0 = Debug|x64
		{4B976E1B-91D5-4BDF-893D-C5C98547DF38}.Debug|x86.ActiveCfg = Debug|x86
		{4B976E1B-91D5-4BDF-893D-C5C98547DF38}.Debug|x86.Build.0 = Debug|x86
		{4B976E1B-91D5-4BDF-893D-C5C98547DF38}.Debug|x86.Deploy.0 = Debug|x86
		{4B976E1B-91D5-4BDF-893D-C5C98547DF38}.Release|Any CPU.ActiveCfg = Release|x86
		{4B976E1B-91D5-4BDF-893D-C5C98547DF38}.Release|ARM.ActiveCfg = Release|ARM
		{4B976E1B-91D5-4BDF-893D-C5C98547DF38}.Release|ARM.Build.0 = Release|ARM
		{4B976E1B-91D5-4BDF-893D-C5C98547DF38}.Release|ARM.Deploy.0 = Release|ARM
		{4B976E1B-91D5-4BDF-893D-C5C98547DF38}.Release|ARM64.ActiveCfg = Release|ARM64
		{4B976E1B-91D5-4BDF-893D-C5C98547DF38}.Release|ARM64.Build.0 = Release|ARM64
		{4B976E1B-91D5-4BDF-893D-C5C98547DF38}.Release|ARM64.Deploy.0 = Release|ARM64
		{4B976E1B-91D5-4BDF-893D-C5C98547DF38}.Release|x64.ActiveCfg = Release|x64
		{4B976E1B-91D5-4BDF-893D-C5C98547DF38}.Release|x64.Build.0 = Release|x64
		{4B976E1B-91D5-4BDF-893D-C5C98547DF38}.Release|x64.Deploy.0 = Release|x64
		{4B976E1B-91D5-4BDF-893D-C5C98547DF38}.Release|x86.ActiveCfg = Release|x86
		{4B976E1B-91D5-4BDF-893D-C5C98547DF38}.Release|x86.Build.0 = Release|x86
		{4B976E1B-91D5-4BDF-893D-C5C98547DF38}.Release|x86.Deploy.0 = Release|x86
	EndGlobalSection
	GlobalSection(SolutionProperties) = preSolution
		HideSolutionNode = FALSE
	EndGlobalSection
	GlobalSection(ExtensibilityGlobals) = postSolution
		SolutionGuid = {0D05ECEF-DFB9-4295-A549-DD70A4C58B1B}
	EndGlobalSection
EndGlobal
